// !$*UTF8*$!
{
	archiveVersion = 1;
	classes = {
	};
	objectVersion = 56;
	objects = {

/* Begin PBXBuildFile section */
		26BDC24B29FD33CF00314B0F /* whatApp.swift in Sources */ = {isa = PBXBuildFile; fileRef = 26BDC24A29FD33CF00314B0F /* whatApp.swift */; };
		26BDC24D29FD33CF00314B0F /* ContentView.swift in Sources */ = {isa = PBXBuildFile; fileRef = 26BDC24C29FD33CF00314B0F /* ContentView.swift */; };
		26BDC24F29FD33D000314B0F /* Assets.xcassets in Resources */ = {isa = PBXBuildFile; fileRef = 26BDC24E29FD33D000314B0F /* Assets.xcassets */; };
		26BDC25229FD33D000314B0F /* Preview Assets.xcassets in Resources */ = {isa = PBXBuildFile; fileRef = 26BDC25129FD33D000314B0F /* Preview Assets.xcassets */; };
		26BDC25429FD33D000314B0F /* Persistence.swift in Sources */ = {isa = PBXBuildFile; fileRef = 26BDC25329FD33D000314B0F /* Persistence.swift */; };
		26BDC25729FD33D000314B0F /* what.xcdatamodeld in Sources */ = {isa = PBXBuildFile; fileRef = 26BDC25529FD33D000314B0F /* what.xcdatamodeld */; };
/* End PBXBuildFile section */

/* Begin PBXFileReference section */
		26BDC24729FD33CF00314B0F /* what.app */ = {isa = PBXFileReference; explicitFileType = wrapper.application; includeInIndex = 0; path = what.app; sourceTree = BUILT_PRODUCTS_DIR; };
		26BDC24A29FD33CF00314B0F /* whatApp.swift */ = {isa = PBXFileReference; lastKnownFileType = sourcecode.swift; path = whatApp.swift; sourceTree = "<group>"; };
		26BDC24C29FD33CF00314B0F /* ContentView.swift */ = {isa = PBXFileReference; lastKnownFileType = sourcecode.swift; path = ContentView.swift; sourceTree = "<group>"; };
		26BDC24E29FD33D000314B0F /* Assets.xcassets */ = {isa = PBXFileReference; lastKnownFileType = folder.assetcatalog; path = Assets.xcassets; sourceTree = "<group>"; };
		26BDC25129FD33D000314B0F /* Preview Assets.xcassets */ = {isa = PBXFileReference; lastKnownFileType = folder.assetcatalog; path = "Preview Assets.xcassets"; sourceTree = "<group>"; };
		26BDC25329FD33D000314B0F /* Persistence.swift */ = {isa = PBXFileReference; lastKnownFileType = sourcecode.swift; path = Persistence.swift; sourceTree = "<group>"; };
		26BDC25629FD33D000314B0F /* what.xcdatamodel */ = {isa = PBXFileReference; lastKnownFileType = wrapper.xcdatamodel; path = what.xcdatamodel; sourceTree = "<group>"; };
		26BDC25829FD33D000314B0F /* what.entitlements */ = {isa = PBXFileReference; lastKnownFileType = text.plist.entitlements; path = what.entitlements; sourceTree = "<group>"; };
/* End PBXFileReference section */

/* Begin PBXFrameworksBuildPhase section */
		26BDC24429FD33CF00314B0F /* Frameworks */ = {
			isa = PBXFrameworksBuildPhase;
			buildActionMask = 2147483647;
			files = (
			);
			runOnlyForDeploymentPostprocessing = 0;
		};
/* End PBXFrameworksBuildPhase section */

/* Begin PBXGroup section */
		26BDC23E29FD33CF00314B0F = {
			isa = PBXGroup;
			children = (
				26BDC24929FD33CF00314B0F /* what */,
				26BDC24829FD33CF00314B0F /* Products */,
			);
			sourceTree = "<group>";
		};
		26BDC24829FD33CF00314B0F /* Products */ = {
			isa = PBXGroup;
			children = (
				26BDC24729FD33CF00314B0F /* what.app */,
			);
			name = Products;
			sourceTree = "<group>";
		};
		26BDC24929FD33CF00314B0F /* what */ = {
			isa = PBXGroup;
			children = (
				26BDC24A29FD33CF00314B0F /* whatApp.swift */,
				26BDC24C29FD33CF00314B0F /* ContentView.swift */,
				26BDC24E29FD33D000314B0F /* Assets.xcassets */,
				26BDC25329FD33D000314B0F /* Persistence.swift */,
				26BDC25829FD33D000314B0F /* what.entitlements */,
				26BDC25529FD33D000314B0F /* what.xcdatamodeld */,
				26BDC25029FD33D000314B0F /* Preview Content */,
			);
			path = what;
			sourceTree = "<group>";
		};
		26BDC25029FD33D000314B0F /* Preview Content */ = {
			isa = PBXGroup;
			children = (
				26BDC25129FD33D000314B0F /* Preview Assets.xcassets */,
			);
			path = "Preview Content";
			sourceTree = "<group>";
		};
/* End PBXGroup section */

/* Begin PBXNativeTarget section */
		26BDC24629FD33CF00314B0F /* what */ = {
			isa = PBXNativeTarget;
			buildConfigurationList = 26BDC25B29FD33D000314B0F /* Build configuration list for PBXNativeTarget "what" */;
			buildPhases = (
				26BDC24329FD33CF00314B0F /* Sources */,
				26BDC24429FD33CF00314B0F /* Frameworks */,
				26BDC24529FD33CF00314B0F /* Resources */,
			);
			buildRules = (
			);
			dependencies = (
			);
			name = what;
			productName = what;
			productReference = 26BDC24729FD33CF00314B0F /* what.app */;
			productType = "com.apple.product-type.application";
		};
/* End PBXNativeTarget section */

/* Begin PBXProject section */
		26BDC23F29FD33CF00314B0F /* Project object */ = {
			isa = PBXProject;
			attributes = {
				BuildIndependentTargetsInParallel = 1;
				LastSwiftUpdateCheck = 1430;
				LastUpgradeCheck = 1430;
				TargetAttributes = {
					26BDC24629FD33CF00314B0F = {
						CreatedOnToolsVersion = 14.3;
					};
				};
			};
			buildConfigurationList = 26BDC24229FD33CF00314B0F /* Build configuration list for PBXProject "what" */;
			compatibilityVersion = "Xcode 14.0";
			developmentRegion = en;
			hasScannedForEncodings = 0;
			knownRegions = (
				en,
				Base,
			);
			mainGroup = 26BDC23E29FD33CF00314B0F;
			productRefGroup = 26BDC24829FD33CF00314B0F /* Products */;
			projectDirPath = "";
			projectRoot = "";
			targets = (
				26BDC24629FD33CF00314B0F /* what */,
			);
		};
/* End PBXProject section */

/* Begin PBXResourcesBuildPhase section */
		26BDC24529FD33CF00314B0F /* Resources */ = {
			isa = PBXResourcesBuildPhase;
			buildActionMask = 2147483647;
			files = (
				26BDC25229FD33D000314B0F /* Preview Assets.xcassets in Resources */,
				26BDC24F29FD33D000314B0F /* Assets.xcassets in Resources */,
			);
			runOnlyForDeploymentPostprocessing = 0;
		};
/* End PBXResourcesBuildPhase section */

/* Begin PBXSourcesBuildPhase section */
		26BDC24329FD33CF00314B0F /* Sources */ = {
			isa = PBXSourcesBuildPhase;
			buildActionMask = 2147483647;
			files = (
				26BDC25429FD33D000314B0F /* Persistence.swift in Sources */,
				26BDC25729FD33D000314B0F /* what.xcdatamodeld in Sources */,
				26BDC24D29FD33CF00314B0F /* ContentView.swift in Sources */,
				26BDC24B29FD33CF00314B0F /* whatApp.swift in Sources */,
			);
			runOnlyForDeploymentPostprocessing = 0;
		};
/* End PBXSourcesBuildPhase section */

/* Begin XCBuildConfiguration section */
		26BDC25929FD33D000314B0F /* Debug */ = {
			isa = XCBuildConfiguration;
			buildSettings = {
				ALWAYS_SEARCH_USER_PATHS = NO;
				CLANG_ANALYZER_NONNULL = YES;
				CLANG_ANALYZER_NUMBER_OBJECT_CONVERSION = YES_AGGRESSIVE;
				CLANG_CXX_LANGUAGE_STANDARD = "gnu++20";
				CLANG_ENABLE_MODULES = YES;
				CLANG_ENABLE_OBJC_ARC = YES;
				CLANG_ENABLE_OBJC_WEAK = YES;
				CLANG_WARN_BLOCK_CAPTURE_AUTORELEASING = YES;
				CLANG_WARN_BOOL_CONVERSION = YES;
				CLANG_WARN_COMMA = YES;
				CLANG_WARN_CONSTANT_CONVERSION = YES;
				CLANG_WARN_DEPRECATED_OBJC_IMPLEMENTATIONS = YES;
				CLANG_WARN_DIRECT_OBJC_ISA_USAGE = YES_ERROR;
				CLANG_WARN_DOCUMENTATION_COMMENTS = YES;
				CLANG_WARN_EMPTY_BODY = YES;
				CLANG_WARN_ENUM_CONVERSION = YES;
				CLANG_WARN_INFINITE_RECURSION = YES;
				CLANG_WARN_INT_CONVERSION = YES;
				CLANG_WARN_NON_LITERAL_NULL_CONVERSION = YES;
				CLANG_WARN_OBJC_IMPLICIT_RETAIN_SELF = YES;
				CLANG_WARN_OBJC_LITERAL_CONVERSION = YES;
				CLANG_WARN_OBJC_ROOT_CLASS = YES_ERROR;
				CLANG_WARN_QUOTED_INCLUDE_IN_FRAMEWORK_HEADER = YES;
				CLANG_WARN_RANGE_LOOP_ANALYSIS = YES;
				CLANG_WARN_STRICT_PROTOTYPES = YES;
				CLANG_WARN_SUSPICIOUS_MOVE = YES;
				CLANG_WARN_UNGUARDED_AVAILABILITY = YES_AGGRESSIVE;
				CLANG_WARN_UNREACHABLE_CODE = YES;
				CLANG_WARN__DUPLICATE_METHOD_MATCH = YES;
				COPY_PHASE_STRIP = NO;
				DEBUG_INFORMATION_FORMAT = dwarf;
				ENABLE_STRICT_OBJC_MSGSEND = YES;
				ENABLE_TESTABILITY = YES;
				GCC_C_LANGUAGE_STANDARD = gnu11;
				GCC_DYNAMIC_NO_PIC = NO;
				GCC_NO_COMMON_BLOCKS = YES;
				GCC_OPTIMIZATION_LEVEL = 0;
				GCC_PREPROCESSOR_DEFINITIONS = (
					"DEBUG=1",
					"$(inherited)",
				);
				GCC_WARN_64_TO_32_BIT_CONVERSION = YES;
				GCC_WARN_ABOUT_RETURN_TYPE = YES_ERROR;
				GCC_WARN_UNDECLARED_SELECTOR = YES;
				GCC_WARN_UNINITIALIZED_AUTOS = YES_AGGRESSIVE;
				GCC_WARN_UNUSED_FUNCTION = YES;
				GCC_WARN_UNUSED_VARIABLE = YES;
				MACOSX_DEPLOYMENT_TARGET = 13.3;
				MTL_ENABLE_DEBUG_INFO = INCLUDE_SOURCE;
				MTL_FAST_MATH = YES;
				ONLY_ACTIVE_ARCH = YES;
				SDKROOT = macosx;
				SWIFT_ACTIVE_COMPILATION_CONDITIONS = DEBUG;
				SWIFT_OPTIMIZATION_LEVEL = "-Onone";
			};
			name = Debug;
		};
		26BDC25A29FD33D000314B0F /* Release */ = {
			isa = XCBuildConfiguration;
			buildSettings = {
				ALWAYS_SEARCH_USER_PATHS = NO;
				CLANG_ANALYZER_NONNULL = YES;
				CLANG_ANALYZER_NUMBER_OBJECT_CONVERSION = YES_AGGRESSIVE;
				CLANG_CXX_LANGUAGE_STANDARD = "gnu++20";
				CLANG_ENABLE_MODULES = YES;
				CLANG_ENABLE_OBJC_ARC = YES;
				CLANG_ENABLE_OBJC_WEAK = YES;
				CLANG_WARN_BLOCK_CAPTURE_AUTORELEASING = YES;
				CLANG_WARN_BOOL_CONVERSION = YES;
				CLANG_WARN_COMMA = YES;
				CLANG_WARN_CONSTANT_CONVERSION = YES;
				CLANG_WARN_DEPRECATED_OBJC_IMPLEMENTATIONS = YES;
				CLANG_WARN_DIRECT_OBJC_ISA_USAGE = YES_ERROR;
				CLANG_WARN_DOCUMENTATION_COMMENTS = YES;
				CLANG_WARN_EMPTY_BODY = YES;
				CLANG_WARN_ENUM_CONVERSION = YES;
				CLANG_WARN_INFINITE_RECURSION = YES;
				CLANG_WARN_INT_CONVERSION = YES;
				CLANG_WARN_NON_LITERAL_NULL_CONVERSION = YES;
				CLANG_WARN_OBJC_IMPLICIT_RETAIN_SELF = YES;
				CLANG_WARN_OBJC_LITERAL_CONVERSION = YES;
				CLANG_WARN_OBJC_ROOT_CLASS = YES_ERROR;
				CLANG_WARN_QUOTED_INCLUDE_IN_FRAMEWORK_HEADER = YES;
				CLANG_WARN_RANGE_LOOP_ANALYSIS = YES;
				CLANG_WARN_STRICT_PROTOTYPES = YES;
				CLANG_WARN_SUSPICIOUS_MOVE = YES;
				CLANG_WARN_UNGUARDED_AVAILABILITY = YES_AGGRESSIVE;
				CLANG_WARN_UNREACHABLE_CODE = YES;
				CLANG_WARN__DUPLICATE_METHOD_MATCH = YES;
				COPY_PHASE_STRIP = NO;
				DEBUG_INFORMATION_FORMAT = "dwarf-with-dsym";
				ENABLE_NS_ASSERTIONS = NO;
				ENABLE_STRICT_OBJC_MSGSEND = YES;
				GCC_C_LANGUAGE_STANDARD = gnu11;
				GCC_NO_COMMON_BLOCKS = YES;
				GCC_WARN_64_TO_32_BIT_CONVERSION = YES;
				GCC_WARN_ABOUT_RETURN_TYPE = YES_ERROR;
				GCC_WARN_UNDECLARED_SELECTOR = YES;
				GCC_WARN_UNINITIALIZED_AUTOS = YES_AGGRESSIVE;
				GCC_WARN_UNUSED_FUNCTION = YES;
				GCC_WARN_UNUSED_VARIABLE = YES;
				MACOSX_DEPLOYMENT_TARGET = 13.3;
				MTL_ENABLE_DEBUG_INFO = NO;
				MTL_FAST_MATH = YES;
				SDKROOT = macosx;
				SWIFT_COMPILATION_MODE = wholemodule;
				SWIFT_OPTIMIZATION_LEVEL = "-O";
			};
			name = Release;
		};
		26BDC25C29FD33D000314B0F /* Debug */ = {
			isa = XCBuildConfiguration;
			buildSettings = {
				ASSETCATALOG_COMPILER_APPICON_NAME = AppIcon;
				ASSETCATALOG_COMPILER_GLOBAL_ACCENT_COLOR_NAME = AccentColor;
				CODE_SIGN_ENTITLEMENTS = what/what.entitlements;
				CODE_SIGN_STYLE = Automatic;
				COMBINE_HIDPI_IMAGES = YES;
				CURRENT_PROJECT_VERSION = 1;
				DEVELOPMENT_ASSET_PATHS = "\"what/Preview Content\"";
				DEVELOPMENT_TEAM = MTRFQL94MM;
				ENABLE_HARDENED_RUNTIME = YES;
				ENABLE_PREVIEWS = YES;
				GENERATE_INFOPLIST_FILE = YES;
				INFOPLIST_KEY_NSHumanReadableCopyright = "";
				LD_RUNPATH_SEARCH_PATHS = (
					"$(inherited)",
					"@executable_path/../Frameworks",
				);
				MARKETING_VERSION = 1.0;
				PRODUCT_BUNDLE_IDENTIFIER = com.aleksejShapran.what;
				PRODUCT_NAME = "$(TARGET_NAME)";
				SUPPORTED_PLATFORMS = "iphoneos iphonesimulator";
				SUPPORTS_MACCATALYST = NO;
				SUPPORTS_MAC_DESIGNED_FOR_IPHONE_IPAD = NO;
				SWIFT_EMIT_LOC_STRINGS = YES;
				SWIFT_VERSION = 5.0;
				TARGETED_DEVICE_FAMILY = 1;
			};
			name = Debug;
		};
		26BDC25D29FD33D000314B0F /* Release */ = {
			isa = XCBuildConfiguration;
			buildSettings = {
				ASSETCATALOG_COMPILER_APPICON_NAME = AppIcon;
				ASSETCATALOG_COMPILER_GLOBAL_ACCENT_COLOR_NAME = AccentColor;
				CODE_SIGN_ENTITLEMENTS = what/what.entitlements;
				CODE_SIGN_STYLE = Automatic;
				COMBINE_HIDPI_IMAGES = YES;
				CURRENT_PROJECT_VERSION = 1;
				DEVELOPMENT_ASSET_PATHS = "\"what/Preview Content\"";
				DEVELOPMENT_TEAM = MTRFQL94MM;
				ENABLE_HARDENED_RUNTIME = YES;
				ENABLE_PREVIEWS = YES;
				GENERATE_INFOPLIST_FILE = YES;
				INFOPLIST_KEY_NSHumanReadableCopyright = "";
				LD_RUNPATH_SEARCH_PATHS = (
					"$(inherited)",
					"@executable_path/../Frameworks",
				);
				MARKETING_VERSION = 1.0;
				PRODUCT_BUNDLE_IDENTIFIER = com.aleksejShapran.what;
				PRODUCT_NAME = "$(TARGET_NAME)";
				SUPPORTED_PLATFORMS = "iphoneos iphonesimulator";
				SUPPORTS_MACCATALYST = NO;
				SUPPORTS_MAC_DESIGNED_FOR_IPHONE_IPAD = NO;
				SWIFT_EMIT_LOC_STRINGS = YES;
				SWIFT_VERSION = 5.0;
				TARGETED_DEVICE_FAMILY = 1;
			};
			name = Release;
		};
/* End XCBuildConfiguration section */

/* Begin XCConfigurationList section */
		26BDC24229FD33CF00314B0F /* Build configuration list for PBXProject "what" */ = {
			isa = XCConfigurationList;
			buildConfigurations = (
				26BDC25929FD33D000314B0F /* Debug */,
				26BDC25A29FD33D000314B0F /* Release */,
			);
			defaultConfigurationIsVisible = 0;
			defaultConfigurationName = Release;
		};
		26BDC25B29FD33D000314B0F /* Build configuration list for PBXNativeTarget "what" */ = {
			isa = XCConfigurationList;
			buildConfigurations = (
				26BDC25C29FD33D000314B0F /* Debug */,
				26BDC25D29FD33D000314B0F /* Release */,
			);
			defaultConfigurationIsVisible = 0;
			defaultConfigurationName = Release;
		};
/* End XCConfigurationList section */

/* Begin XCVersionGroup section */
		26BDC25529FD33D000314B0F /* what.xcdatamodeld */ = {
			isa = XCVersionGroup;
			children = (
				26BDC25629FD33D000314B0F /* what.xcdatamodel */,
			);
			currentVersion = 26BDC25629FD33D000314B0F /* what.xcdatamodel */;
			path = what.xcdatamodeld;
			sourceTree = "<group>";
			versionGroupType = wrapper.xcdatamodel;
		};
/* End XCVersionGroup section */
	};
	rootObject = 26BDC23F29FD33CF00314B0F /* Project object */;
}
